// !$*UTF8*$!
{
	archiveVersion = 1;
	classes = {
	};
	objectVersion = 56;
	objects = {

/* Begin PBXBuildFile section */
		70EB59BE652157966B35CC2D /* Pods_Tracker_ios.framework in Frameworks */ = {isa = PBXBuildFile; fileRef = E0CDAC814F9C9D6C34F89ECE /* Pods_Tracker_ios.framework */; };
		D50816E02B10CBA70092D57E /* TrackerStoreUpdate.swift in Sources */ = {isa = PBXBuildFile; fileRef = D50816DF2B10CBA70092D57E /* TrackerStoreUpdate.swift */; };
		D50816E22B15D6390092D57E /* FiltesViewController.swift in Sources */ = {isa = PBXBuildFile; fileRef = D50816E12B15D6390092D57E /* FiltesViewController.swift */; };
		D50816E42B15D7A80092D57E /* Filter.swift in Sources */ = {isa = PBXBuildFile; fileRef = D50816E32B15D7A80092D57E /* Filter.swift */; };
		D50816E72B15E1280092D57E /* FilterTableViewCell.swift in Sources */ = {isa = PBXBuildFile; fileRef = D50816E62B15E1280092D57E /* FilterTableViewCell.swift */; };
		D519FD452B1087CD0000301D /* AnalyticsService.swift in Sources */ = {isa = PBXBuildFile; fileRef = D519FD442B1087CC0000301D /* AnalyticsService.swift */; };
		D547B56F2AFCFEC8004BA3A3 /* OnboardingViewController.swift in Sources */ = {isa = PBXBuildFile; fileRef = D547B56E2AFCFEC8004BA3A3 /* OnboardingViewController.swift */; };
		D547B5712B0209DE004BA3A3 /* OnboardingPageViewController.swift in Sources */ = {isa = PBXBuildFile; fileRef = D547B5702B0209DE004BA3A3 /* OnboardingPageViewController.swift */; };
		D547B5952B023F41004BA3A3 /* SelectCategoryViewModel.swift in Sources */ = {isa = PBXBuildFile; fileRef = D547B5942B023F41004BA3A3 /* SelectCategoryViewModel.swift */; };
		D547B5B82B0B7A22004BA3A3 /* Localizable.stringsdict in Resources */ = {isa = PBXBuildFile; fileRef = D547B5BA2B0B7A22004BA3A3 /* Localizable.stringsdict */; };
		D59466E62AC580CC00BD76FB /* AppDelegate.swift in Sources */ = {isa = PBXBuildFile; fileRef = D59466E52AC580CC00BD76FB /* AppDelegate.swift */; };
		D59466E82AC580CC00BD76FB /* SceneDelegate.swift in Sources */ = {isa = PBXBuildFile; fileRef = D59466E72AC580CC00BD76FB /* SceneDelegate.swift */; };
		D59466EA2AC580CC00BD76FB /* TrackerViewController.swift in Sources */ = {isa = PBXBuildFile; fileRef = D59466E92AC580CC00BD76FB /* TrackerViewController.swift */; };
		D59466EF2AC580CD00BD76FB /* Assets.xcassets in Resources */ = {isa = PBXBuildFile; fileRef = D59466EE2AC580CD00BD76FB /* Assets.xcassets */; };
		D59466F22AC580CD00BD76FB /* LaunchScreen.storyboard in Resources */ = {isa = PBXBuildFile; fileRef = D59466F02AC580CD00BD76FB /* LaunchScreen.storyboard */; };
		D59467832ACAA3D500BD76FB /* TabBarController.swift in Sources */ = {isa = PBXBuildFile; fileRef = D59467822ACAA3D500BD76FB /* TabBarController.swift */; };
		D59467862ACAA9C300BD76FB /* UIColor+Extensions.swift in Sources */ = {isa = PBXBuildFile; fileRef = D59467852ACAA9C300BD76FB /* UIColor+Extensions.swift */; };
		D59467882ACAAAAA00BD76FB /* StatisticsViewController.swift in Sources */ = {isa = PBXBuildFile; fileRef = D59467872ACAAAAA00BD76FB /* StatisticsViewController.swift */; };
		D59467902ACB00CB00BD76FB /* TrackerModel.swift in Sources */ = {isa = PBXBuildFile; fileRef = D594678F2ACB00CB00BD76FB /* TrackerModel.swift */; };
		D59467922ACB00DE00BD76FB /* TrackerCategoryModel.swift in Sources */ = {isa = PBXBuildFile; fileRef = D59467912ACB00DE00BD76FB /* TrackerCategoryModel.swift */; };
		D59467942ACB00EA00BD76FB /* TrackerRecordModel.swift in Sources */ = {isa = PBXBuildFile; fileRef = D59467932ACB00EA00BD76FB /* TrackerRecordModel.swift */; };
		D59467972ACBE92400BD76FB /* AddNewTrackerViewController.swift in Sources */ = {isa = PBXBuildFile; fileRef = D59467962ACBE92400BD76FB /* AddNewTrackerViewController.swift */; };
		D594679A2ACBEEAE00BD76FB /* CreateHabitViewController.swift in Sources */ = {isa = PBXBuildFile; fileRef = D59467992ACBEEAE00BD76FB /* CreateHabitViewController.swift */; };
		D594679C2ACBFC9B00BD76FB /* TextFieldCell.swift in Sources */ = {isa = PBXBuildFile; fileRef = D594679B2ACBFC9B00BD76FB /* TextFieldCell.swift */; };
		D594679E2ACBFCD500BD76FB /* CategorySheduleCell.swift in Sources */ = {isa = PBXBuildFile; fileRef = D594679D2ACBFCD500BD76FB /* CategorySheduleCell.swift */; };
		D59467A52ACC193A00BD76FB /* SelectCategoryViewController.swift in Sources */ = {isa = PBXBuildFile; fileRef = D59467A42ACC193A00BD76FB /* SelectCategoryViewController.swift */; };
		D59467A82ACC19B200BD76FB /* SelectSheduleViewController.swift in Sources */ = {isa = PBXBuildFile; fileRef = D59467A72ACC19B200BD76FB /* SelectSheduleViewController.swift */; };
		D59467AA2ACC323000BD76FB /* CreateNewCategoryViewController.swift in Sources */ = {isa = PBXBuildFile; fileRef = D59467A92ACC323000BD76FB /* CreateNewCategoryViewController.swift */; };
		D59467AC2ACC35C500BD76FB /* UITextField+Extensions.swift in Sources */ = {isa = PBXBuildFile; fileRef = D59467AB2ACC35C500BD76FB /* UITextField+Extensions.swift */; };
		D59467AE2ACC3FF200BD76FB /* CategoryTableViewCell.swift in Sources */ = {isa = PBXBuildFile; fileRef = D59467AD2ACC3FF200BD76FB /* CategoryTableViewCell.swift */; };
		D59467B02ACD5E1200BD76FB /* SheduleTableViewCell.swift in Sources */ = {isa = PBXBuildFile; fileRef = D59467AF2ACD5E1200BD76FB /* SheduleTableViewCell.swift */; };
		D59467B22ACD7D8300BD76FB /* WeekDay.swift in Sources */ = {isa = PBXBuildFile; fileRef = D59467B12ACD7D8300BD76FB /* WeekDay.swift */; };
		D59467B42AD0008300BD76FB /* TrackerCollectionViewCell.swift in Sources */ = {isa = PBXBuildFile; fileRef = D59467B32AD0008300BD76FB /* TrackerCollectionViewCell.swift */; };
		D59467B62AD00C7F00BD76FB /* TrackerHeaderColletcionviewCell.swift in Sources */ = {isa = PBXBuildFile; fileRef = D59467B52AD00C7F00BD76FB /* TrackerHeaderColletcionviewCell.swift */; };
		D5D189A12AD80F78009F2D96 /* EmojiCell.swift in Sources */ = {isa = PBXBuildFile; fileRef = D5D189A02AD80F78009F2D96 /* EmojiCell.swift */; };
		D5D189A32AD81025009F2D96 /* ColorsCell.swift in Sources */ = {isa = PBXBuildFile; fileRef = D5D189A22AD81025009F2D96 /* ColorsCell.swift */; };
		D5D189A72AD82220009F2D96 /* EmojiCollectionviewCell.swift in Sources */ = {isa = PBXBuildFile; fileRef = D5D189A62AD82220009F2D96 /* EmojiCollectionviewCell.swift */; };
		D5D189A92AD82234009F2D96 /* ColorsCollectionviewCell.swift in Sources */ = {isa = PBXBuildFile; fileRef = D5D189A82AD82234009F2D96 /* ColorsCollectionviewCell.swift */; };
		D5E3B4A82B0E03ED00E05C55 /* LocalizableStr.strings in Resources */ = {isa = PBXBuildFile; fileRef = D5E3B4AA2B0E03ED00E05C55 /* LocalizableStr.strings */; };
		D5F012BC2AE7C15E00B3AB69 /* DaysValueTransformer.swift in Sources */ = {isa = PBXBuildFile; fileRef = D5F012BB2AE7C15E00B3AB69 /* DaysValueTransformer.swift */; };
		D5F012BF2AE7C4E900B3AB69 /* TrackerBase.xcdatamodeld in Sources */ = {isa = PBXBuildFile; fileRef = D5F012BD2AE7C4E900B3AB69 /* TrackerBase.xcdatamodeld */; };
		D5F012C52AE8FECF00B3AB69 /* CoreDataStack.swift in Sources */ = {isa = PBXBuildFile; fileRef = D5F012C42AE8FECF00B3AB69 /* CoreDataStack.swift */; };
		D5F012C92AE90FEB00B3AB69 /* TrackerStore.swift in Sources */ = {isa = PBXBuildFile; fileRef = D5F012C82AE90FEB00B3AB69 /* TrackerStore.swift */; };
		D5F012CB2AE90FF600B3AB69 /* TrackerCategoryStore.swift in Sources */ = {isa = PBXBuildFile; fileRef = D5F012CA2AE90FF600B3AB69 /* TrackerCategoryStore.swift */; };
		D5F012CD2AE9100000B3AB69 /* TrackerRecordStore.swift in Sources */ = {isa = PBXBuildFile; fileRef = D5F012CC2AE9100000B3AB69 /* TrackerRecordStore.swift */; };
		D5F4C1032AEAA4190011E834 /* TrackerCategoryStoreUpdate.swift in Sources */ = {isa = PBXBuildFile; fileRef = D5F4C1022AEAA4190011E834 /* TrackerCategoryStoreUpdate.swift */; };
		D5F4C1072AF2570C0011E834 /* Date+Extensions.swift in Sources */ = {isa = PBXBuildFile; fileRef = D5F4C1062AF2570C0011E834 /* Date+Extensions.swift */; };
/* End PBXBuildFile section */

/* Begin PBXFileReference section */
		247DA389047CC88623E0092D /* Pods-Tracker-ios.debug.xcconfig */ = {isa = PBXFileReference; includeInIndex = 1; lastKnownFileType = text.xcconfig; name = "Pods-Tracker-ios.debug.xcconfig"; path = "Target Support Files/Pods-Tracker-ios/Pods-Tracker-ios.debug.xcconfig"; sourceTree = "<group>"; };
		4FCACB7867EDC6CD3E9DC160 /* Pods-Tracker-ios.release.xcconfig */ = {isa = PBXFileReference; includeInIndex = 1; lastKnownFileType = text.xcconfig; name = "Pods-Tracker-ios.release.xcconfig"; path = "Target Support Files/Pods-Tracker-ios/Pods-Tracker-ios.release.xcconfig"; sourceTree = "<group>"; };
		D50816DF2B10CBA70092D57E /* TrackerStoreUpdate.swift */ = {isa = PBXFileReference; lastKnownFileType = sourcecode.swift; path = TrackerStoreUpdate.swift; sourceTree = "<group>"; };
		D50816E12B15D6390092D57E /* FiltesViewController.swift */ = {isa = PBXFileReference; lastKnownFileType = sourcecode.swift; path = FiltesViewController.swift; sourceTree = "<group>"; };
		D50816E32B15D7A80092D57E /* Filter.swift */ = {isa = PBXFileReference; lastKnownFileType = sourcecode.swift; path = Filter.swift; sourceTree = "<group>"; };
		D50816E62B15E1280092D57E /* FilterTableViewCell.swift */ = {isa = PBXFileReference; lastKnownFileType = sourcecode.swift; path = FilterTableViewCell.swift; sourceTree = "<group>"; };
		D519FD442B1087CC0000301D /* AnalyticsService.swift */ = {isa = PBXFileReference; lastKnownFileType = sourcecode.swift; path = AnalyticsService.swift; sourceTree = "<group>"; };
		D547B56E2AFCFEC8004BA3A3 /* OnboardingViewController.swift */ = {isa = PBXFileReference; lastKnownFileType = sourcecode.swift; path = OnboardingViewController.swift; sourceTree = "<group>"; };
		D547B5702B0209DE004BA3A3 /* OnboardingPageViewController.swift */ = {isa = PBXFileReference; lastKnownFileType = sourcecode.swift; path = OnboardingPageViewController.swift; sourceTree = "<group>"; };
		D547B5942B023F41004BA3A3 /* SelectCategoryViewModel.swift */ = {isa = PBXFileReference; lastKnownFileType = sourcecode.swift; path = SelectCategoryViewModel.swift; sourceTree = "<group>"; };
		D547B5B92B0B7A22004BA3A3 /* en */ = {isa = PBXFileReference; lastKnownFileType = text.plist.stringsdict; name = en; path = en.lproj/Localizable.stringsdict; sourceTree = "<group>"; };
		D547B5BB2B0B7A70004BA3A3 /* ru */ = {isa = PBXFileReference; lastKnownFileType = text.plist.stringsdict; name = ru; path = ru.lproj/Localizable.stringsdict; sourceTree = "<group>"; };
		D59466E22AC580CC00BD76FB /* Tracker-ios.app */ = {isa = PBXFileReference; explicitFileType = wrapper.application; includeInIndex = 0; path = "Tracker-ios.app"; sourceTree = BUILT_PRODUCTS_DIR; };
		D59466E52AC580CC00BD76FB /* AppDelegate.swift */ = {isa = PBXFileReference; lastKnownFileType = sourcecode.swift; path = AppDelegate.swift; sourceTree = "<group>"; };
		D59466E72AC580CC00BD76FB /* SceneDelegate.swift */ = {isa = PBXFileReference; lastKnownFileType = sourcecode.swift; path = SceneDelegate.swift; sourceTree = "<group>"; };
		D59466E92AC580CC00BD76FB /* TrackerViewController.swift */ = {isa = PBXFileReference; lastKnownFileType = sourcecode.swift; path = TrackerViewController.swift; sourceTree = "<group>"; };
		D59466EE2AC580CD00BD76FB /* Assets.xcassets */ = {isa = PBXFileReference; lastKnownFileType = folder.assetcatalog; path = Assets.xcassets; sourceTree = "<group>"; };
		D59466F12AC580CD00BD76FB /* Base */ = {isa = PBXFileReference; lastKnownFileType = file.storyboard; name = Base; path = Base.lproj/LaunchScreen.storyboard; sourceTree = "<group>"; };
		D59466F32AC580CD00BD76FB /* Info.plist */ = {isa = PBXFileReference; lastKnownFileType = text.plist.xml; path = Info.plist; sourceTree = "<group>"; };
		D59467822ACAA3D500BD76FB /* TabBarController.swift */ = {isa = PBXFileReference; lastKnownFileType = sourcecode.swift; path = TabBarController.swift; sourceTree = "<group>"; };
		D59467852ACAA9C300BD76FB /* UIColor+Extensions.swift */ = {isa = PBXFileReference; lastKnownFileType = sourcecode.swift; path = "UIColor+Extensions.swift"; sourceTree = "<group>"; };
		D59467872ACAAAAA00BD76FB /* StatisticsViewController.swift */ = {isa = PBXFileReference; lastKnownFileType = sourcecode.swift; path = StatisticsViewController.swift; sourceTree = "<group>"; };
		D594678F2ACB00CB00BD76FB /* TrackerModel.swift */ = {isa = PBXFileReference; lastKnownFileType = sourcecode.swift; path = TrackerModel.swift; sourceTree = "<group>"; };
		D59467912ACB00DE00BD76FB /* TrackerCategoryModel.swift */ = {isa = PBXFileReference; lastKnownFileType = sourcecode.swift; path = TrackerCategoryModel.swift; sourceTree = "<group>"; };
		D59467932ACB00EA00BD76FB /* TrackerRecordModel.swift */ = {isa = PBXFileReference; lastKnownFileType = sourcecode.swift; path = TrackerRecordModel.swift; sourceTree = "<group>"; };
		D59467962ACBE92400BD76FB /* AddNewTrackerViewController.swift */ = {isa = PBXFileReference; lastKnownFileType = sourcecode.swift; path = AddNewTrackerViewController.swift; sourceTree = "<group>"; };
		D59467992ACBEEAE00BD76FB /* CreateHabitViewController.swift */ = {isa = PBXFileReference; lastKnownFileType = sourcecode.swift; path = CreateHabitViewController.swift; sourceTree = "<group>"; };
		D594679B2ACBFC9B00BD76FB /* TextFieldCell.swift */ = {isa = PBXFileReference; lastKnownFileType = sourcecode.swift; path = TextFieldCell.swift; sourceTree = "<group>"; };
		D594679D2ACBFCD500BD76FB /* CategorySheduleCell.swift */ = {isa = PBXFileReference; lastKnownFileType = sourcecode.swift; path = CategorySheduleCell.swift; sourceTree = "<group>"; };
		D59467A42ACC193A00BD76FB /* SelectCategoryViewController.swift */ = {isa = PBXFileReference; lastKnownFileType = sourcecode.swift; path = SelectCategoryViewController.swift; sourceTree = "<group>"; };
		D59467A72ACC19B200BD76FB /* SelectSheduleViewController.swift */ = {isa = PBXFileReference; lastKnownFileType = sourcecode.swift; path = SelectSheduleViewController.swift; sourceTree = "<group>"; };
		D59467A92ACC323000BD76FB /* CreateNewCategoryViewController.swift */ = {isa = PBXFileReference; lastKnownFileType = sourcecode.swift; path = CreateNewCategoryViewController.swift; sourceTree = "<group>"; };
		D59467AB2ACC35C500BD76FB /* UITextField+Extensions.swift */ = {isa = PBXFileReference; lastKnownFileType = sourcecode.swift; path = "UITextField+Extensions.swift"; sourceTree = "<group>"; };
		D59467AD2ACC3FF200BD76FB /* CategoryTableViewCell.swift */ = {isa = PBXFileReference; lastKnownFileType = sourcecode.swift; path = CategoryTableViewCell.swift; sourceTree = "<group>"; };
		D59467AF2ACD5E1200BD76FB /* SheduleTableViewCell.swift */ = {isa = PBXFileReference; lastKnownFileType = sourcecode.swift; path = SheduleTableViewCell.swift; sourceTree = "<group>"; };
		D59467B12ACD7D8300BD76FB /* WeekDay.swift */ = {isa = PBXFileReference; lastKnownFileType = sourcecode.swift; path = WeekDay.swift; sourceTree = "<group>"; };
		D59467B32AD0008300BD76FB /* TrackerCollectionViewCell.swift */ = {isa = PBXFileReference; lastKnownFileType = sourcecode.swift; path = TrackerCollectionViewCell.swift; sourceTree = "<group>"; };
		D59467B52AD00C7F00BD76FB /* TrackerHeaderColletcionviewCell.swift */ = {isa = PBXFileReference; lastKnownFileType = sourcecode.swift; path = TrackerHeaderColletcionviewCell.swift; sourceTree = "<group>"; };
		D5D189A02AD80F78009F2D96 /* EmojiCell.swift */ = {isa = PBXFileReference; lastKnownFileType = sourcecode.swift; path = EmojiCell.swift; sourceTree = "<group>"; };
		D5D189A22AD81025009F2D96 /* ColorsCell.swift */ = {isa = PBXFileReference; lastKnownFileType = sourcecode.swift; path = ColorsCell.swift; sourceTree = "<group>"; };
		D5D189A62AD82220009F2D96 /* EmojiCollectionviewCell.swift */ = {isa = PBXFileReference; lastKnownFileType = sourcecode.swift; path = EmojiCollectionviewCell.swift; sourceTree = "<group>"; };
		D5D189A82AD82234009F2D96 /* ColorsCollectionviewCell.swift */ = {isa = PBXFileReference; lastKnownFileType = sourcecode.swift; path = ColorsCollectionviewCell.swift; sourceTree = "<group>"; };
		D5E3B4A92B0E03ED00E05C55 /* en */ = {isa = PBXFileReference; lastKnownFileType = text.plist.strings; name = en; path = en.lproj/LocalizableStr.strings; sourceTree = "<group>"; };
		D5E3B4AB2B0E03F200E05C55 /* ru */ = {isa = PBXFileReference; lastKnownFileType = text.plist.strings; name = ru; path = ru.lproj/LocalizableStr.strings; sourceTree = "<group>"; };
		D5F012BB2AE7C15E00B3AB69 /* DaysValueTransformer.swift */ = {isa = PBXFileReference; lastKnownFileType = sourcecode.swift; path = DaysValueTransformer.swift; sourceTree = "<group>"; };
		D5F012BE2AE7C4E900B3AB69 /* TrackerBase.xcdatamodel */ = {isa = PBXFileReference; lastKnownFileType = wrapper.xcdatamodel; path = TrackerBase.xcdatamodel; sourceTree = "<group>"; };
		D5F012C42AE8FECF00B3AB69 /* CoreDataStack.swift */ = {isa = PBXFileReference; lastKnownFileType = sourcecode.swift; path = CoreDataStack.swift; sourceTree = "<group>"; };
		D5F012C82AE90FEB00B3AB69 /* TrackerStore.swift */ = {isa = PBXFileReference; lastKnownFileType = sourcecode.swift; path = TrackerStore.swift; sourceTree = "<group>"; };
		D5F012CA2AE90FF600B3AB69 /* TrackerCategoryStore.swift */ = {isa = PBXFileReference; lastKnownFileType = sourcecode.swift; path = TrackerCategoryStore.swift; sourceTree = "<group>"; };
		D5F012CC2AE9100000B3AB69 /* TrackerRecordStore.swift */ = {isa = PBXFileReference; lastKnownFileType = sourcecode.swift; path = TrackerRecordStore.swift; sourceTree = "<group>"; };
		D5F4C1022AEAA4190011E834 /* TrackerCategoryStoreUpdate.swift */ = {isa = PBXFileReference; lastKnownFileType = sourcecode.swift; path = TrackerCategoryStoreUpdate.swift; sourceTree = "<group>"; };
		D5F4C1062AF2570C0011E834 /* Date+Extensions.swift */ = {isa = PBXFileReference; lastKnownFileType = sourcecode.swift; path = "Date+Extensions.swift"; sourceTree = "<group>"; };
		E0CDAC814F9C9D6C34F89ECE /* Pods_Tracker_ios.framework */ = {isa = PBXFileReference; explicitFileType = wrapper.framework; includeInIndex = 0; path = Pods_Tracker_ios.framework; sourceTree = BUILT_PRODUCTS_DIR; };
/* End PBXFileReference section */

/* Begin PBXFrameworksBuildPhase section */
		D59466DF2AC580CC00BD76FB /* Frameworks */ = {
			isa = PBXFrameworksBuildPhase;
			buildActionMask = 2147483647;
			files = (
				70EB59BE652157966B35CC2D /* Pods_Tracker_ios.framework in Frameworks */,
			);
			runOnlyForDeploymentPostprocessing = 0;
		};
/* End PBXFrameworksBuildPhase section */

/* Begin PBXGroup section */
		8B69DF0AE576F3EEDA42557B /* Pods */ = {
			isa = PBXGroup;
			children = (
				247DA389047CC88623E0092D /* Pods-Tracker-ios.debug.xcconfig */,
				4FCACB7867EDC6CD3E9DC160 /* Pods-Tracker-ios.release.xcconfig */,
			);
			path = Pods;
			sourceTree = "<group>";
		};
		A351704B5085DF66BA996906 /* Frameworks */ = {
			isa = PBXGroup;
			children = (
				E0CDAC814F9C9D6C34F89ECE /* Pods_Tracker_ios.framework */,
			);
			name = Frameworks;
			sourceTree = "<group>";
		};
		D50816E52B15E0DF0092D57E /* FiltersView */ = {
			isa = PBXGroup;
			children = (
				D50816E12B15D6390092D57E /* FiltesViewController.swift */,
				D50816E62B15E1280092D57E /* FilterTableViewCell.swift */,
			);
			path = FiltersView;
			sourceTree = "<group>";
		};
		D547B56D2AFCFCE6004BA3A3 /* Onboarding */ = {
			isa = PBXGroup;
			children = (
				D547B56E2AFCFEC8004BA3A3 /* OnboardingViewController.swift */,
				D547B5702B0209DE004BA3A3 /* OnboardingPageViewController.swift */,
			);
			path = Onboarding;
			sourceTree = "<group>";
		};
		D547B5A42B0B61CE004BA3A3 /* Resources */ = {
			isa = PBXGroup;
			children = (
				D547B5BA2B0B7A22004BA3A3 /* Localizable.stringsdict */,
				D5E3B4AA2B0E03ED00E05C55 /* LocalizableStr.strings */,
			);
			path = Resources;
			sourceTree = "<group>";
		};
		D59466D92AC580CC00BD76FB = {
			isa = PBXGroup;
			children = (
				D59466E42AC580CC00BD76FB /* Tracker-ios */,
				D59466E32AC580CC00BD76FB /* Products */,
				8B69DF0AE576F3EEDA42557B /* Pods */,
				A351704B5085DF66BA996906 /* Frameworks */,
			);
			sourceTree = "<group>";
		};
		D59466E32AC580CC00BD76FB /* Products */ = {
			isa = PBXGroup;
			children = (
				D59466E22AC580CC00BD76FB /* Tracker-ios.app */,
			);
			name = Products;
			sourceTree = "<group>";
		};
		D59466E42AC580CC00BD76FB /* Tracker-ios */ = {
			isa = PBXGroup;
			children = (
				D594678E2ACB00BB00BD76FB /* Models */,
				D547B56D2AFCFCE6004BA3A3 /* Onboarding */,
				D594678C2ACAACCF00BD76FB /* TabBar */,
				D59467892ACAACB000BD76FB /* TrackerView */,
				D50816E52B15E0DF0092D57E /* FiltersView */,
				D594678D2ACAACDD00BD76FB /* StatisticsView */,
				D59467952ACBE8FF00BD76FB /* AddNewTracker */,
				D59467982ACBEE9000BD76FB /* CreateHabit */,
				D59467A32ACC191800BD76FB /* SelectCategory */,
				D59467A62ACC199E00BD76FB /* SelectShedule */,
				D59467842ACAA9A900BD76FB /* Helpers */,
				D5F012C02AE7CD0A00B3AB69 /* CoreData */,
				D547B5A42B0B61CE004BA3A3 /* Resources */,
				D59466E52AC580CC00BD76FB /* AppDelegate.swift */,
				D59466E72AC580CC00BD76FB /* SceneDelegate.swift */,
				D519FD442B1087CC0000301D /* AnalyticsService.swift */,
				D59466F02AC580CD00BD76FB /* LaunchScreen.storyboard */,
				D59466EE2AC580CD00BD76FB /* Assets.xcassets */,
				D59466F32AC580CD00BD76FB /* Info.plist */,
			);
			path = "Tracker-ios";
			sourceTree = "<group>";
		};
		D59467842ACAA9A900BD76FB /* Helpers */ = {
			isa = PBXGroup;
			children = (
				D5F012BB2AE7C15E00B3AB69 /* DaysValueTransformer.swift */,
				D59467852ACAA9C300BD76FB /* UIColor+Extensions.swift */,
				D59467AB2ACC35C500BD76FB /* UITextField+Extensions.swift */,
				D5F4C1062AF2570C0011E834 /* Date+Extensions.swift */,
			);
			path = Helpers;
			sourceTree = "<group>";
		};
		D59467892ACAACB000BD76FB /* TrackerView */ = {
			isa = PBXGroup;
			children = (
				D59466E92AC580CC00BD76FB /* TrackerViewController.swift */,
				D59467B32AD0008300BD76FB /* TrackerCollectionViewCell.swift */,
				D59467B52AD00C7F00BD76FB /* TrackerHeaderColletcionviewCell.swift */,
			);
			path = TrackerView;
			sourceTree = "<group>";
		};
		D594678C2ACAACCF00BD76FB /* TabBar */ = {
			isa = PBXGroup;
			children = (
				D59467822ACAA3D500BD76FB /* TabBarController.swift */,
			);
			path = TabBar;
			sourceTree = "<group>";
		};
		D594678D2ACAACDD00BD76FB /* StatisticsView */ = {
			isa = PBXGroup;
			children = (
				D59467872ACAAAAA00BD76FB /* StatisticsViewController.swift */,
			);
			path = StatisticsView;
			sourceTree = "<group>";
		};
		D594678E2ACB00BB00BD76FB /* Models */ = {
			isa = PBXGroup;
			children = (
				D594678F2ACB00CB00BD76FB /* TrackerModel.swift */,
				D59467912ACB00DE00BD76FB /* TrackerCategoryModel.swift */,
				D59467932ACB00EA00BD76FB /* TrackerRecordModel.swift */,
				D59467B12ACD7D8300BD76FB /* WeekDay.swift */,
				D5F4C1022AEAA4190011E834 /* TrackerCategoryStoreUpdate.swift */,
				D50816DF2B10CBA70092D57E /* TrackerStoreUpdate.swift */,
				D50816E32B15D7A80092D57E /* Filter.swift */,
			);
			path = Models;
			sourceTree = "<group>";
		};
		D59467952ACBE8FF00BD76FB /* AddNewTracker */ = {
			isa = PBXGroup;
			children = (
				D59467962ACBE92400BD76FB /* AddNewTrackerViewController.swift */,
			);
			path = AddNewTracker;
			sourceTree = "<group>";
		};
		D59467982ACBEE9000BD76FB /* CreateHabit */ = {
			isa = PBXGroup;
			children = (
				D59467992ACBEEAE00BD76FB /* CreateHabitViewController.swift */,
				D594679B2ACBFC9B00BD76FB /* TextFieldCell.swift */,
				D594679D2ACBFCD500BD76FB /* CategorySheduleCell.swift */,
				D5D189A42AD821D2009F2D96 /* Emoji */,
				D5D189A52AD821E3009F2D96 /* Colors */,
			);
			path = CreateHabit;
			sourceTree = "<group>";
		};
		D59467A32ACC191800BD76FB /* SelectCategory */ = {
			isa = PBXGroup;
			children = (
				D59467A42ACC193A00BD76FB /* SelectCategoryViewController.swift */,
				D59467A92ACC323000BD76FB /* CreateNewCategoryViewController.swift */,
				D59467AD2ACC3FF200BD76FB /* CategoryTableViewCell.swift */,
				D547B5942B023F41004BA3A3 /* SelectCategoryViewModel.swift */,
			);
			path = SelectCategory;
			sourceTree = "<group>";
		};
		D59467A62ACC199E00BD76FB /* SelectShedule */ = {
			isa = PBXGroup;
			children = (
				D59467A72ACC19B200BD76FB /* SelectSheduleViewController.swift */,
				D59467AF2ACD5E1200BD76FB /* SheduleTableViewCell.swift */,
			);
			path = SelectShedule;
			sourceTree = "<group>";
		};
		D5D189A42AD821D2009F2D96 /* Emoji */ = {
			isa = PBXGroup;
			children = (
				D5D189A02AD80F78009F2D96 /* EmojiCell.swift */,
				D5D189A62AD82220009F2D96 /* EmojiCollectionviewCell.swift */,
			);
			path = Emoji;
			sourceTree = "<group>";
		};
		D5D189A52AD821E3009F2D96 /* Colors */ = {
			isa = PBXGroup;
			children = (
				D5D189A22AD81025009F2D96 /* ColorsCell.swift */,
				D5D189A82AD82234009F2D96 /* ColorsCollectionviewCell.swift */,
			);
			path = Colors;
			sourceTree = "<group>";
		};
		D5F012C02AE7CD0A00B3AB69 /* CoreData */ = {
			isa = PBXGroup;
			children = (
				D5F012BD2AE7C4E900B3AB69 /* TrackerBase.xcdatamodeld */,
				D5F012C42AE8FECF00B3AB69 /* CoreDataStack.swift */,
				D5F012C82AE90FEB00B3AB69 /* TrackerStore.swift */,
				D5F012CA2AE90FF600B3AB69 /* TrackerCategoryStore.swift */,
				D5F012CC2AE9100000B3AB69 /* TrackerRecordStore.swift */,
			);
			path = CoreData;
			sourceTree = "<group>";
		};
/* End PBXGroup section */

/* Begin PBXNativeTarget section */
		D59466E12AC580CC00BD76FB /* Tracker-ios */ = {
			isa = PBXNativeTarget;
			buildConfigurationList = D59466F62AC580CD00BD76FB /* Build configuration list for PBXNativeTarget "Tracker-ios" */;
			buildPhases = (
				6321DC1AC235C41AD93797CD /* [CP] Check Pods Manifest.lock */,
				D59466DE2AC580CC00BD76FB /* Sources */,
				D59466DF2AC580CC00BD76FB /* Frameworks */,
				D59466E02AC580CC00BD76FB /* Resources */,
				1A41026DF42799CC90203642 /* [CP] Embed Pods Frameworks */,
			);
			buildRules = (
			);
			dependencies = (
			);
			name = "Tracker-ios";
			productName = "Tracker-ios";
			productReference = D59466E22AC580CC00BD76FB /* Tracker-ios.app */;
			productType = "com.apple.product-type.application";
		};
/* End PBXNativeTarget section */

/* Begin PBXProject section */
		D59466DA2AC580CC00BD76FB /* Project object */ = {
			isa = PBXProject;
			attributes = {
				BuildIndependentTargetsInParallel = 1;
				LastSwiftUpdateCheck = 1430;
				LastUpgradeCheck = 1430;
				TargetAttributes = {
					D59466E12AC580CC00BD76FB = {
						CreatedOnToolsVersion = 14.3.1;
					};
				};
			};
			buildConfigurationList = D59466DD2AC580CC00BD76FB /* Build configuration list for PBXProject "Tracker-ios" */;
			compatibilityVersion = "Xcode 14.0";
			developmentRegion = en;
			hasScannedForEncodings = 0;
			knownRegions = (
				en,
				Base,
				ru,
			);
			mainGroup = D59466D92AC580CC00BD76FB;
			productRefGroup = D59466E32AC580CC00BD76FB /* Products */;
			projectDirPath = "";
			projectRoot = "";
			targets = (
				D59466E12AC580CC00BD76FB /* Tracker-ios */,
			);
		};
/* End PBXProject section */

/* Begin PBXResourcesBuildPhase section */
		D59466E02AC580CC00BD76FB /* Resources */ = {
			isa = PBXResourcesBuildPhase;
			buildActionMask = 2147483647;
			files = (
				D59466F22AC580CD00BD76FB /* LaunchScreen.storyboard in Resources */,
				D5E3B4A82B0E03ED00E05C55 /* LocalizableStr.strings in Resources */,
				D59466EF2AC580CD00BD76FB /* Assets.xcassets in Resources */,
				D547B5B82B0B7A22004BA3A3 /* Localizable.stringsdict in Resources */,
			);
			runOnlyForDeploymentPostprocessing = 0;
		};
/* End PBXResourcesBuildPhase section */

/* Begin PBXShellScriptBuildPhase section */
		1A41026DF42799CC90203642 /* [CP] Embed Pods Frameworks */ = {
			isa = PBXShellScriptBuildPhase;
			buildActionMask = 2147483647;
			files = (
			);
			inputFileListPaths = (
				"${PODS_ROOT}/Target Support Files/Pods-Tracker-ios/Pods-Tracker-ios-frameworks-${CONFIGURATION}-input-files.xcfilelist",
			);
			name = "[CP] Embed Pods Frameworks";
			outputFileListPaths = (
				"${PODS_ROOT}/Target Support Files/Pods-Tracker-ios/Pods-Tracker-ios-frameworks-${CONFIGURATION}-output-files.xcfilelist",
			);
			runOnlyForDeploymentPostprocessing = 0;
			shellPath = /bin/sh;
			shellScript = "\"${PODS_ROOT}/Target Support Files/Pods-Tracker-ios/Pods-Tracker-ios-frameworks.sh\"\n";
			showEnvVarsInLog = 0;
		};
		6321DC1AC235C41AD93797CD /* [CP] Check Pods Manifest.lock */ = {
			isa = PBXShellScriptBuildPhase;
			buildActionMask = 2147483647;
			files = (
			);
			inputFileListPaths = (
			);
			inputPaths = (
				"${PODS_PODFILE_DIR_PATH}/Podfile.lock",
				"${PODS_ROOT}/Manifest.lock",
			);
			name = "[CP] Check Pods Manifest.lock";
			outputFileListPaths = (
			);
			outputPaths = (
				"$(DERIVED_FILE_DIR)/Pods-Tracker-ios-checkManifestLockResult.txt",
			);
			runOnlyForDeploymentPostprocessing = 0;
			shellPath = /bin/sh;
			shellScript = "diff \"${PODS_PODFILE_DIR_PATH}/Podfile.lock\" \"${PODS_ROOT}/Manifest.lock\" > /dev/null\nif [ $? != 0 ] ; then\n    # print error to STDERR\n    echo \"error: The sandbox is not in sync with the Podfile.lock. Run 'pod install' or update your CocoaPods installation.\" >&2\n    exit 1\nfi\n# This output is used by Xcode 'outputs' to avoid re-running this script phase.\necho \"SUCCESS\" > \"${SCRIPT_OUTPUT_FILE_0}\"\n";
			showEnvVarsInLog = 0;
		};
/* End PBXShellScriptBuildPhase section */

/* Begin PBXSourcesBuildPhase section */
		D59466DE2AC580CC00BD76FB /* Sources */ = {
			isa = PBXSourcesBuildPhase;
			buildActionMask = 2147483647;
			files = (
				D59467AA2ACC323000BD76FB /* CreateNewCategoryViewController.swift in Sources */,
				D50816E02B10CBA70092D57E /* TrackerStoreUpdate.swift in Sources */,
				D59467972ACBE92400BD76FB /* AddNewTrackerViewController.swift in Sources */,
				D50816E42B15D7A80092D57E /* Filter.swift in Sources */,
				D50816E22B15D6390092D57E /* FiltesViewController.swift in Sources */,
				D5F012BC2AE7C15E00B3AB69 /* DaysValueTransformer.swift in Sources */,
				D59467B22ACD7D8300BD76FB /* WeekDay.swift in Sources */,
				D59467B02ACD5E1200BD76FB /* SheduleTableViewCell.swift in Sources */,
				D594679C2ACBFC9B00BD76FB /* TextFieldCell.swift in Sources */,
				D59467AC2ACC35C500BD76FB /* UITextField+Extensions.swift in Sources */,
				D59467A52ACC193A00BD76FB /* SelectCategoryViewController.swift in Sources */,
				D5F012C52AE8FECF00B3AB69 /* CoreDataStack.swift in Sources */,
				D59467922ACB00DE00BD76FB /* TrackerCategoryModel.swift in Sources */,
				D59467832ACAA3D500BD76FB /* TabBarController.swift in Sources */,
				D59467862ACAA9C300BD76FB /* UIColor+Extensions.swift in Sources */,
				D5F012CB2AE90FF600B3AB69 /* TrackerCategoryStore.swift in Sources */,
				D59466EA2AC580CC00BD76FB /* TrackerViewController.swift in Sources */,
				D594679E2ACBFCD500BD76FB /* CategorySheduleCell.swift in Sources */,
				D594679A2ACBEEAE00BD76FB /* CreateHabitViewController.swift in Sources */,
				D547B5712B0209DE004BA3A3 /* OnboardingPageViewController.swift in Sources */,
				D59467942ACB00EA00BD76FB /* TrackerRecordModel.swift in Sources */,
				D547B5952B023F41004BA3A3 /* SelectCategoryViewModel.swift in Sources */,
				D5D189A72AD82220009F2D96 /* EmojiCollectionviewCell.swift in Sources */,
				D5F4C1032AEAA4190011E834 /* TrackerCategoryStoreUpdate.swift in Sources */,
				D5F012CD2AE9100000B3AB69 /* TrackerRecordStore.swift in Sources */,
				D519FD452B1087CD0000301D /* AnalyticsService.swift in Sources */,
				D59467882ACAAAAA00BD76FB /* StatisticsViewController.swift in Sources */,
				D59466E62AC580CC00BD76FB /* AppDelegate.swift in Sources */,
				D5F4C1072AF2570C0011E834 /* Date+Extensions.swift in Sources */,
				D5D189A92AD82234009F2D96 /* ColorsCollectionviewCell.swift in Sources */,
				D59466E82AC580CC00BD76FB /* SceneDelegate.swift in Sources */,
				D5D189A32AD81025009F2D96 /* ColorsCell.swift in Sources */,
				D5F012BF2AE7C4E900B3AB69 /* TrackerBase.xcdatamodeld in Sources */,
				D50816E72B15E1280092D57E /* FilterTableViewCell.swift in Sources */,
				D59467A82ACC19B200BD76FB /* SelectSheduleViewController.swift in Sources */,
				D59467B62AD00C7F00BD76FB /* TrackerHeaderColletcionviewCell.swift in Sources */,
				D59467902ACB00CB00BD76FB /* TrackerModel.swift in Sources */,
				D59467B42AD0008300BD76FB /* TrackerCollectionViewCell.swift in Sources */,
				D5D189A12AD80F78009F2D96 /* EmojiCell.swift in Sources */,
				D547B56F2AFCFEC8004BA3A3 /* OnboardingViewController.swift in Sources */,
				D59467AE2ACC3FF200BD76FB /* CategoryTableViewCell.swift in Sources */,
				D5F012C92AE90FEB00B3AB69 /* TrackerStore.swift in Sources */,
			);
			runOnlyForDeploymentPostprocessing = 0;
		};
/* End PBXSourcesBuildPhase section */

/* Begin PBXVariantGroup section */
		D547B5BA2B0B7A22004BA3A3 /* Localizable.stringsdict */ = {
			isa = PBXVariantGroup;
			children = (
				D547B5B92B0B7A22004BA3A3 /* en */,
				D547B5BB2B0B7A70004BA3A3 /* ru */,
			);
			name = Localizable.stringsdict;
			sourceTree = "<group>";
		};
		D59466F02AC580CD00BD76FB /* LaunchScreen.storyboard */ = {
			isa = PBXVariantGroup;
			children = (
				D59466F12AC580CD00BD76FB /* Base */,
			);
			name = LaunchScreen.storyboard;
			sourceTree = "<group>";
		};
		D5E3B4AA2B0E03ED00E05C55 /* LocalizableStr.strings */ = {
			isa = PBXVariantGroup;
			children = (
				D5E3B4A92B0E03ED00E05C55 /* en */,
				D5E3B4AB2B0E03F200E05C55 /* ru */,
			);
			name = LocalizableStr.strings;
			sourceTree = "<group>";
		};
/* End PBXVariantGroup section */

/* Begin XCBuildConfiguration section */
		D59466F42AC580CD00BD76FB /* Debug */ = {
			isa = XCBuildConfiguration;
			buildSettings = {
				ALWAYS_SEARCH_USER_PATHS = NO;
				CLANG_ANALYZER_LOCALIZABILITY_NONLOCALIZED = YES;
				CLANG_ANALYZER_NONNULL = YES;
				CLANG_ANALYZER_NUMBER_OBJECT_CONVERSION = YES_AGGRESSIVE;
				CLANG_CXX_LANGUAGE_STANDARD = "gnu++20";
				CLANG_ENABLE_MODULES = YES;
				CLANG_ENABLE_OBJC_ARC = YES;
				CLANG_ENABLE_OBJC_WEAK = YES;
				CLANG_WARN_BLOCK_CAPTURE_AUTORELEASING = YES;
				CLANG_WARN_BOOL_CONVERSION = YES;
				CLANG_WARN_COMMA = YES;
				CLANG_WARN_CONSTANT_CONVERSION = YES;
				CLANG_WARN_DEPRECATED_OBJC_IMPLEMENTATIONS = YES;
				CLANG_WARN_DIRECT_OBJC_ISA_USAGE = YES_ERROR;
				CLANG_WARN_DOCUMENTATION_COMMENTS = YES;
				CLANG_WARN_EMPTY_BODY = YES;
				CLANG_WARN_ENUM_CONVERSION = YES;
				CLANG_WARN_INFINITE_RECURSION = YES;
				CLANG_WARN_INT_CONVERSION = YES;
				CLANG_WARN_NON_LITERAL_NULL_CONVERSION = YES;
				CLANG_WARN_OBJC_IMPLICIT_RETAIN_SELF = YES;
				CLANG_WARN_OBJC_LITERAL_CONVERSION = YES;
				CLANG_WARN_OBJC_ROOT_CLASS = YES_ERROR;
				CLANG_WARN_QUOTED_INCLUDE_IN_FRAMEWORK_HEADER = YES;
				CLANG_WARN_RANGE_LOOP_ANALYSIS = YES;
				CLANG_WARN_STRICT_PROTOTYPES = YES;
				CLANG_WARN_SUSPICIOUS_MOVE = YES;
				CLANG_WARN_UNGUARDED_AVAILABILITY = YES_AGGRESSIVE;
				CLANG_WARN_UNREACHABLE_CODE = YES;
				CLANG_WARN__DUPLICATE_METHOD_MATCH = YES;
				COPY_PHASE_STRIP = NO;
				DEBUG_INFORMATION_FORMAT = dwarf;
				ENABLE_STRICT_OBJC_MSGSEND = YES;
				ENABLE_TESTABILITY = YES;
				GCC_C_LANGUAGE_STANDARD = gnu11;
				GCC_DYNAMIC_NO_PIC = NO;
				GCC_NO_COMMON_BLOCKS = YES;
				GCC_OPTIMIZATION_LEVEL = 0;
				GCC_PREPROCESSOR_DEFINITIONS = (
					"DEBUG=1",
					"$(inherited)",
				);
				GCC_WARN_64_TO_32_BIT_CONVERSION = YES;
				GCC_WARN_ABOUT_RETURN_TYPE = YES_ERROR;
				GCC_WARN_UNDECLARED_SELECTOR = YES;
				GCC_WARN_UNINITIALIZED_AUTOS = YES_AGGRESSIVE;
				GCC_WARN_UNUSED_FUNCTION = YES;
				GCC_WARN_UNUSED_VARIABLE = YES;
				IPHONEOS_DEPLOYMENT_TARGET = 13.4;
				MTL_ENABLE_DEBUG_INFO = INCLUDE_SOURCE;
				MTL_FAST_MATH = YES;
				ONLY_ACTIVE_ARCH = YES;
				SDKROOT = iphoneos;
				SWIFT_ACTIVE_COMPILATION_CONDITIONS = DEBUG;
				SWIFT_OPTIMIZATION_LEVEL = "-Onone";
			};
			name = Debug;
		};
		D59466F52AC580CD00BD76FB /* Release */ = {
			isa = XCBuildConfiguration;
			buildSettings = {
				ALWAYS_SEARCH_USER_PATHS = NO;
				CLANG_ANALYZER_LOCALIZABILITY_NONLOCALIZED = YES;
				CLANG_ANALYZER_NONNULL = YES;
				CLANG_ANALYZER_NUMBER_OBJECT_CONVERSION = YES_AGGRESSIVE;
				CLANG_CXX_LANGUAGE_STANDARD = "gnu++20";
				CLANG_ENABLE_MODULES = YES;
				CLANG_ENABLE_OBJC_ARC = YES;
				CLANG_ENABLE_OBJC_WEAK = YES;
				CLANG_WARN_BLOCK_CAPTURE_AUTORELEASING = YES;
				CLANG_WARN_BOOL_CONVERSION = YES;
				CLANG_WARN_COMMA = YES;
				CLANG_WARN_CONSTANT_CONVERSION = YES;
				CLANG_WARN_DEPRECATED_OBJC_IMPLEMENTATIONS = YES;
				CLANG_WARN_DIRECT_OBJC_ISA_USAGE = YES_ERROR;
				CLANG_WARN_DOCUMENTATION_COMMENTS = YES;
				CLANG_WARN_EMPTY_BODY = YES;
				CLANG_WARN_ENUM_CONVERSION = YES;
				CLANG_WARN_INFINITE_RECURSION = YES;
				CLANG_WARN_INT_CONVERSION = YES;
				CLANG_WARN_NON_LITERAL_NULL_CONVERSION = YES;
				CLANG_WARN_OBJC_IMPLICIT_RETAIN_SELF = YES;
				CLANG_WARN_OBJC_LITERAL_CONVERSION = YES;
				CLANG_WARN_OBJC_ROOT_CLASS = YES_ERROR;
				CLANG_WARN_QUOTED_INCLUDE_IN_FRAMEWORK_HEADER = YES;
				CLANG_WARN_RANGE_LOOP_ANALYSIS = YES;
				CLANG_WARN_STRICT_PROTOTYPES = YES;
				CLANG_WARN_SUSPICIOUS_MOVE = YES;
				CLANG_WARN_UNGUARDED_AVAILABILITY = YES_AGGRESSIVE;
				CLANG_WARN_UNREACHABLE_CODE = YES;
				CLANG_WARN__DUPLICATE_METHOD_MATCH = YES;
				COPY_PHASE_STRIP = NO;
				DEBUG_INFORMATION_FORMAT = "dwarf-with-dsym";
				ENABLE_NS_ASSERTIONS = NO;
				ENABLE_STRICT_OBJC_MSGSEND = YES;
				GCC_C_LANGUAGE_STANDARD = gnu11;
				GCC_NO_COMMON_BLOCKS = YES;
				GCC_WARN_64_TO_32_BIT_CONVERSION = YES;
				GCC_WARN_ABOUT_RETURN_TYPE = YES_ERROR;
				GCC_WARN_UNDECLARED_SELECTOR = YES;
				GCC_WARN_UNINITIALIZED_AUTOS = YES_AGGRESSIVE;
				GCC_WARN_UNUSED_FUNCTION = YES;
				GCC_WARN_UNUSED_VARIABLE = YES;
				IPHONEOS_DEPLOYMENT_TARGET = 13.4;
				MTL_ENABLE_DEBUG_INFO = NO;
				MTL_FAST_MATH = YES;
				SDKROOT = iphoneos;
				SWIFT_COMPILATION_MODE = wholemodule;
				SWIFT_OPTIMIZATION_LEVEL = "-O";
				VALIDATE_PRODUCT = YES;
			};
			name = Release;
		};
		D59466F72AC580CD00BD76FB /* Debug */ = {
			isa = XCBuildConfiguration;
			baseConfigurationReference = 247DA389047CC88623E0092D /* Pods-Tracker-ios.debug.xcconfig */;
			buildSettings = {
				ASSETCATALOG_COMPILER_APPICON_NAME = AppIcon;
				ASSETCATALOG_COMPILER_GLOBAL_ACCENT_COLOR_NAME = AccentColor;
				CODE_SIGN_STYLE = Automatic;
				CURRENT_PROJECT_VERSION = 1;
				DEVELOPMENT_TEAM = N59AC9US2Q;
				GENERATE_INFOPLIST_FILE = YES;
				INFOPLIST_FILE = "Tracker-ios/Info.plist";
				INFOPLIST_KEY_CFBundleDisplayName = Tracker;
				INFOPLIST_KEY_LSApplicationCategoryType = "public.app-category.productivity";
				INFOPLIST_KEY_UIApplicationSupportsIndirectInputEvents = YES;
				INFOPLIST_KEY_UILaunchStoryboardName = LaunchScreen;
				INFOPLIST_KEY_UISupportedInterfaceOrientations = UIInterfaceOrientationPortrait;
				INFOPLIST_KEY_UISupportedInterfaceOrientations_iPad = "UIInterfaceOrientationLandscapeLeft UIInterfaceOrientationLandscapeRight UIInterfaceOrientationPortrait UIInterfaceOrientationPortraitUpsideDown";
				IPHONEOS_DEPLOYMENT_TARGET = 13.4;
				LD_RUNPATH_SEARCH_PATHS = (
					"$(inherited)",
					"@executable_path/Frameworks",
				);
				MARKETING_VERSION = 1.0;
				PRODUCT_BUNDLE_IDENTIFIER = "ru.t1k1.Tracker-ios";
				PRODUCT_NAME = "$(TARGET_NAME)";
				SUPPORTED_PLATFORMS = "iphoneos iphonesimulator";
				SUPPORTS_MACCATALYST = NO;
				SUPPORTS_MAC_DESIGNED_FOR_IPHONE_IPAD = YES;
				SWIFT_EMIT_LOC_STRINGS = YES;
				SWIFT_VERSION = 5.0;
				TARGETED_DEVICE_FAMILY = 1;
			};
			name = Debug;
		};
		D59466F82AC580CD00BD76FB /* Release */ = {
			isa = XCBuildConfiguration;
			baseConfigurationReference = 4FCACB7867EDC6CD3E9DC160 /* Pods-Tracker-ios.release.xcconfig */;
			buildSettings = {
				ASSETCATALOG_COMPILER_APPICON_NAME = AppIcon;
				ASSETCATALOG_COMPILER_GLOBAL_ACCENT_COLOR_NAME = AccentColor;
				CODE_SIGN_STYLE = Automatic;
				CURRENT_PROJECT_VERSION = 1;
				DEVELOPMENT_TEAM = N59AC9US2Q;
				GENERATE_INFOPLIST_FILE = YES;
				INFOPLIST_FILE = "Tracker-ios/Info.plist";
				INFOPLIST_KEY_CFBundleDisplayName = Tracker;
				INFOPLIST_KEY_LSApplicationCategoryType = "public.app-category.productivity";
				INFOPLIST_KEY_UIApplicationSupportsIndirectInputEvents = YES;
				INFOPLIST_KEY_UILaunchStoryboardName = LaunchScreen;
				INFOPLIST_KEY_UISupportedInterfaceOrientations = UIInterfaceOrientationPortrait;
				INFOPLIST_KEY_UISupportedInterfaceOrientations_iPad = "UIInterfaceOrientationLandscapeLeft UIInterfaceOrientationLandscapeRight UIInterfaceOrientationPortrait UIInterfaceOrientationPortraitUpsideDown";
				IPHONEOS_DEPLOYMENT_TARGET = 13.4;
				LD_RUNPATH_SEARCH_PATHS = (
					"$(inherited)",
					"@executable_path/Frameworks",
				);
				MARKETING_VERSION = 1.0;
				PRODUCT_BUNDLE_IDENTIFIER = "ru.t1k1.Tracker-ios";
				PRODUCT_NAME = "$(TARGET_NAME)";
				SUPPORTED_PLATFORMS = "iphoneos iphonesimulator";
				SUPPORTS_MACCATALYST = NO;
				SUPPORTS_MAC_DESIGNED_FOR_IPHONE_IPAD = YES;
				SWIFT_EMIT_LOC_STRINGS = YES;
				SWIFT_VERSION = 5.0;
				TARGETED_DEVICE_FAMILY = 1;
			};
			name = Release;
		};
/* End XCBuildConfiguration section */

/* Begin XCConfigurationList section */
		D59466DD2AC580CC00BD76FB /* Build configuration list for PBXProject "Tracker-ios" */ = {
			isa = XCConfigurationList;
			buildConfigurations = (
				D59466F42AC580CD00BD76FB /* Debug */,
				D59466F52AC580CD00BD76FB /* Release */,
			);
			defaultConfigurationIsVisible = 0;
			defaultConfigurationName = Release;
		};
		D59466F62AC580CD00BD76FB /* Build configuration list for PBXNativeTarget "Tracker-ios" */ = {
			isa = XCConfigurationList;
			buildConfigurations = (
				D59466F72AC580CD00BD76FB /* Debug */,
				D59466F82AC580CD00BD76FB /* Release */,
			);
			defaultConfigurationIsVisible = 0;
			defaultConfigurationName = Release;
		};
/* End XCConfigurationList section */

/* Begin XCVersionGroup section */
		D5F012BD2AE7C4E900B3AB69 /* TrackerBase.xcdatamodeld */ = {
			isa = XCVersionGroup;
			children = (
				D5F012BE2AE7C4E900B3AB69 /* TrackerBase.xcdatamodel */,
			);
			currentVersion = D5F012BE2AE7C4E900B3AB69 /* TrackerBase.xcdatamodel */;
			path = TrackerBase.xcdatamodeld;
			sourceTree = "<group>";
			versionGroupType = wrapper.xcdatamodel;
		};
/* End XCVersionGroup section */
	};
	rootObject = D59466DA2AC580CC00BD76FB /* Project object */;
}
